# This file is autogenerated, do not edit; changes may be undone by the next 'dep ensure'.


[[projects]]
  branch = "master"
  name = "github.com/denisenkom/go-mssqldb"
  packages = ["."]
  revision = "8a15d1bb0c8eaa4b870c016b312de5b50b493b4e"

[[projects]]
  branch = "master"
  name = "github.com/erikstmartin/go-testdb"
  packages = ["."]
  revision = "8d10e4a1bae52cd8b81ffdec3445890d6dccab3d"

[[projects]]
  name = "github.com/go-sql-driver/mysql"
  packages = ["."]
  revision = "a0583e0143b1624142adab07e0e97fe106d99561"
  version = "v1.3"

[[projects]]
  name = "github.com/gorilla/context"
  packages = ["."]
  revision = "1ea25387ff6f684839d82767c1733ff4d4d15d0a"
  version = "v1.1"

[[projects]]
  name = "github.com/gorilla/csrf"
  packages = ["."]
  revision = "69581736821c33d85bbf378f42f6ad864dbd85de"
  version = "v1.5"

[[projects]]
  name = "github.com/gorilla/securecookie"
  packages = ["."]
  revision = "667fe4e3466a040b780561fe9b51a83a3753eefc"
  version = "v1.1"

[[projects]]
  name = "github.com/gorilla/sessions"
  packages = ["."]
  revision = "ca9ada44574153444b00d3fd9c8559e4cc95f896"
  version = "v1.1"

[[projects]]
  name = "github.com/husobee/vestigo"
  packages = ["."]
  revision = "8ad6f810576cc32c82c6e59d46003cd011b331a0"
  version = "v1.0.2"

[[projects]]
  branch = "master"
  name = "github.com/jinzhu/inflection"
  packages = ["."]
  revision = "1c35d901db3da928c72a72d8458480cc9ade058f"

[[projects]]
  branch = "master"
  name = "github.com/jinzhu/now"
  packages = ["."]
  revision = "d939ba741945c047cac69c329c5fb0d6b4a06520"

[[projects]]
  branch = "master"
  name = "github.com/jmoiron/sqlx"
  packages = [".","reflectx"]
  revision = "99f3ad6d85ae53d0fecf788ab62d0e9734b3c117"

[[projects]]
  branch = "master"
  name = "github.com/justinas/alice"
  packages = ["."]
  revision = "03f45bd4b7dad4734bc4620e46a35789349abb20"

[[projects]]
  branch = "master"
  name = "github.com/lib/pq"
  packages = [".","hstore","oid"]
  revision = "83612a56d3dd153a94a629cd64925371c9adad78"

[[projects]]
  name = "github.com/mattn/go-sqlite3"
  packages = ["."]
  revision = "ed69081a91fd053f17672236b0dd52ba7485e1a3"
  version = "v1.4.0"

[[projects]]
  name = "github.com/pkg/errors"
  packages = ["."]
  revision = "645ef00459ed84a119197bfb8d8205042c6df63d"
  version = "v0.8.0"

[[projects]]
  branch = "master"
  name = "golang.org/x/crypto"
  packages = ["bcrypt","blowfish","md4"]
  revision = "94eea52f7b742c7cbe0b03b22f0c4c8631ece122"

[[projects]]
  branch = "master"
  name = "golang.org/x/net"
  packages = ["context"]
  revision = "a8b9294777976932365dabb6640cf1468d95c70f"

[solve-meta]
  analyzer-name = "dep"
  analyzer-version = 1
  inputs-digest = "2d5b198108769db4c16bbce5ddcc4037e51b310303de3464e6c95770f713d804"
  solver-name = "gps-cdcl"
  solver-version = 1
